
Microsoft Visual Studio Solution File, Format Version 12.00
# Visual Studio Version 16
VisualStudioVersion = 16.0.31729.503
MinimumVisualStudioVersion = 10.0.40219.1
Project("{FAE04EC0-301F-11D3-BF4B-00C04F79EFBC}") = "AWApi", "AWApi\AWApi.csproj", "{32243C41-DF35-41FB-8E72-85A4C3D6A898}"
EndProject
Global
	GlobalSection(SolutionConfigurationPlatforms) = preSolution
		Debug|Any CPU = Debug|Any CPU
		Release|Any CPU = Release|Any CPU
	EndGlobalSection
	GlobalSection(ProjectConfigurationPlatforms) = postSolution
		{32243C41-DF35-41FB-8E72-85A4C3D6A898}.Debug|Any CPU.ActiveCfg = Debug|Any CPU
		{32243C41-DF35-41FB-8E72-85A4C3D6A898}.Debug|Any CPU.Build.0 = Debug|Any CPU
		{32243C41-DF35-41FB-8E72-85A4C3D6A898}.Release|Any CPU.ActiveCfg = Release|Any CPU
		{32243C41-DF35-41FB-8E72-85A4C3D6A898}.Release|Any CPU.Build.0 = Release|Any CPU
	EndGlobalSection
	GlobalSection(SolutionProperties) = preSolution
		HideSolutionNode = FALSE
	EndGlobalSection
	GlobalSection(ExtensibilityGlobals) = postSolution
		SolutionGuid = {F8160B4D-D94E-4EB4-9652-40F11BAAD1F5}
	EndGlobalSection
EndGlobal
